{
  "name": "asquare-frontend-core-libs",
  "requires": true,
  "lockfileVersion": 1,
  "dependencies": {
    "@angular/common": {
      "version": "8.2.2",
      "resolved": "https://registry.npmjs.org/@angular/common/-/common-8.2.2.tgz",
      "integrity": "sha512-PLV2+gj4pSe4MC5fwpEpI0JyWSKkNVvA65CCZvG2XXJTp4eS+ppkCZpEvbXqf7IewpKMAeFkuLi16r92pLG5Vw==",
      "dev": true,
      "requires": {
        "tslib": "^1.9.0"
      }
    },
    "@angular/core": {
      "version": "8.2.2",
      "resolved": "https://registry.npmjs.org/@angular/core/-/core-8.2.2.tgz",
      "integrity": "sha512-glQLJ3aeRWHMsN9QeJYis5FVdCg0lBU2s9aFX9i6WvVLscYmGoBk+TKsgO+uJjLnUUgsCPLRLzde02IJEQzCGw==",
      "dev": true,
      "requires": {
        "tslib": "^1.9.0"
      }
    },
    "@angular/platform-browser": {
      "version": "8.2.2",
      "resolved": "https://registry.npmjs.org/@angular/platform-browser/-/platform-browser-8.2.2.tgz",
      "integrity": "sha512-8PivPsi4Lrtl3vkC/a/s4QUSlv2nXjtea4h+t7zEpj6o9TeONA5iNe1LHSruG66IfOCW/U8l1THHJAsTj/8OAw==",
      "dev": true,
      "requires": {
        "tslib": "^1.9.0"
      }
    },
    "@angular/router": {
      "version": "8.2.2",
      "resolved": "https://registry.npmjs.org/@angular/router/-/router-8.2.2.tgz",
      "integrity": "sha512-aoIuSiVYBFh53dS4a79ZK23YjQ363x+8hakorDdAdrC3WwGST9YYDpVuNoa/gahkWIWCWN4Q0nl16cjQ6XI6BA==",
      "dev": true,
      "requires": {
        "tslib": "^1.9.0"
      }
    },
    "@types/node": {
      "version": "11.13.19",
      "resolved": "https://registry.npmjs.org/@types/node/-/node-11.13.19.tgz",
      "integrity": "sha512-tLRDU1hmcWamtgRT2iVRdraAQVGFQGgtcqracSo9XyMN1VeZLSVGb8RJJxVqab7UGbijoUijGPVFMjmqzyZIUw==",
      "dev": true
    },
    "rxjs": {
      "version": "6.5.2",
      "resolved": "https://registry.npmjs.org/rxjs/-/rxjs-6.5.2.tgz",
      "integrity": "sha512-HUb7j3kvb7p7eCUHE3FqjoDsC1xfZQ4AHFWfTKSpZ+sAhhz5X1WX0ZuUqWbzB2QhSLp3DoLUG+hMdEDKqWo2Zg==",
      "dev": true,
      "requires": {
        "tslib": "^1.9.0"
      }
    },
    "tslib": {
      "version": "1.10.0",
      "resolved": "https://registry.npmjs.org/tslib/-/tslib-1.10.0.tgz",
      "integrity": "sha512-qOebF53frne81cf0S9B41ByenJ3/IuH8yJKngAX35CmiZySA0khhkovshKK+jGCaMnVomla7gVlIcc3EvKPbTQ==",
      "dev": true
    },
    "typescript": {
      "version": "3.5.3",
      "resolved": "https://registry.npmjs.org/typescript/-/typescript-3.5.3.tgz",
      "integrity": "sha512-ACzBtm/PhXBDId6a6sDJfroT2pOWt/oOnk4/dElG5G33ZL776N3Y6/6bKZJBFpd+b05F3Ct9qDjMeJmRWtE2/g==",
      "dev": true
    },
    "zone.js": {
      "version": "0.9.1",
      "resolved": "https://registry.npmjs.org/zone.js/-/zone.js-0.9.1.tgz",
      "integrity": "sha512-GkPiJL8jifSrKReKaTZ5jkhrMEgXbXYC+IPo1iquBjayRa0q86w3Dipjn8b415jpitMExe9lV8iTsv8tk3DGag==",
      "dev": true
    }
  }
}
